// !$*UTF8*$!
{
	archiveVersion = 1;
	classes = {
	};
	objectVersion = 56;
	objects = {

/* Begin PBXBuildFile section */
		7975E1B22C7A0CCA00DF151C /* UInt64+Ext.swift in Sources */ = {isa = PBXBuildFile; fileRef = 7975E1B12C7A0CCA00DF151C /* UInt64+Ext.swift */; };
		7975E1B52C7A16B500DF151C /* HomeCoordinator.swift in Sources */ = {isa = PBXBuildFile; fileRef = 7975E1B42C7A16B500DF151C /* HomeCoordinator.swift */; };
		7975E1B72C7A16D800DF151C /* HomeView.swift in Sources */ = {isa = PBXBuildFile; fileRef = 7975E1B62C7A16D800DF151C /* HomeView.swift */; };
		7975E1BA2C7A178700DF151C /* AppState.swift in Sources */ = {isa = PBXBuildFile; fileRef = 7975E1B92C7A178700DF151C /* AppState.swift */; };
		7975E1BE2C7B6EE100DF151C /* AppHeaderView.swift in Sources */ = {isa = PBXBuildFile; fileRef = 7975E1BD2C7B6EE100DF151C /* AppHeaderView.swift */; };
		7975E1C12C7B739A00DF151C /* NavView.swift in Sources */ = {isa = PBXBuildFile; fileRef = 7975E1C02C7B739A00DF151C /* NavView.swift */; };
		7975E1C42C7CBDCA00DF151C /* TabbarView.swift in Sources */ = {isa = PBXBuildFile; fileRef = 7975E1C32C7CBDCA00DF151C /* TabbarView.swift */; };
		7993E8462C4FF10C00EA7785 /* generalcomponentsApp.swift in Sources */ = {isa = PBXBuildFile; fileRef = 7993E8452C4FF10C00EA7785 /* generalcomponentsApp.swift */; };
		7993E8482C4FF10C00EA7785 /* ContentView.swift in Sources */ = {isa = PBXBuildFile; fileRef = 7993E8472C4FF10C00EA7785 /* ContentView.swift */; };
		7993E84A2C4FF10C00EA7785 /* Assets.xcassets in Resources */ = {isa = PBXBuildFile; fileRef = 7993E8492C4FF10C00EA7785 /* Assets.xcassets */; };
		7993E84D2C4FF10C00EA7785 /* Preview Assets.xcassets in Resources */ = {isa = PBXBuildFile; fileRef = 7993E84C2C4FF10C00EA7785 /* Preview Assets.xcassets */; };
		7993E8572C4FF10D00EA7785 /* generalcomponentsTests.swift in Sources */ = {isa = PBXBuildFile; fileRef = 7993E8562C4FF10D00EA7785 /* generalcomponentsTests.swift */; };
		7993E8612C4FF10D00EA7785 /* generalcomponentsUITests.swift in Sources */ = {isa = PBXBuildFile; fileRef = 7993E8602C4FF10D00EA7785 /* generalcomponentsUITests.swift */; };
		7993E8632C4FF10D00EA7785 /* generalcomponentsUITestsLaunchTests.swift in Sources */ = {isa = PBXBuildFile; fileRef = 7993E8622C4FF10D00EA7785 /* generalcomponentsUITestsLaunchTests.swift */; };
		79C9E9B62C74DC4D00258692 /* AppCoordinator.swift in Sources */ = {isa = PBXBuildFile; fileRef = 79C9E9B52C74DC4D00258692 /* AppCoordinator.swift */; };
		79C9E9B82C74DC5600258692 /* AppView.swift in Sources */ = {isa = PBXBuildFile; fileRef = 79C9E9B72C74DC5600258692 /* AppView.swift */; };
		79C9E9BA2C777D6B00258692 /* AppMessageView.swift in Sources */ = {isa = PBXBuildFile; fileRef = 79C9E9B92C777D6B00258692 /* AppMessageView.swift */; };
		79C9E9BC2C777DC400258692 /* AppLoadingView.swift in Sources */ = {isa = PBXBuildFile; fileRef = 79C9E9BB2C777DC400258692 /* AppLoadingView.swift */; };
		79C9E9C12C77813E00258692 /* SplashView.swift in Sources */ = {isa = PBXBuildFile; fileRef = 79C9E9C02C77813E00258692 /* SplashView.swift */; };
		79C9E9C42C77815400258692 /* SplashCoordinator.swift in Sources */ = {isa = PBXBuildFile; fileRef = 79C9E9C32C77815400258692 /* SplashCoordinator.swift */; };
		79C9E9C72C7782FC00258692 /* Constants.swift in Sources */ = {isa = PBXBuildFile; fileRef = 79C9E9C62C7782FC00258692 /* Constants.swift */; };
/* End PBXBuildFile section */

/* Begin PBXContainerItemProxy section */
		7993E8532C4FF10D00EA7785 /* PBXContainerItemProxy */ = {
			isa = PBXContainerItemProxy;
			containerPortal = 7993E83A2C4FF10C00EA7785 /* Project object */;
			proxyType = 1;
			remoteGlobalIDString = 7993E8412C4FF10C00EA7785;
			remoteInfo = generalcomponents;
		};
		7993E85D2C4FF10D00EA7785 /* PBXContainerItemProxy */ = {
			isa = PBXContainerItemProxy;
			containerPortal = 7993E83A2C4FF10C00EA7785 /* Project object */;
			proxyType = 1;
			remoteGlobalIDString = 7993E8412C4FF10C00EA7785;
			remoteInfo = generalcomponents;
		};
/* End PBXContainerItemProxy section */

/* Begin PBXFileReference section */
		7975E1B12C7A0CCA00DF151C /* UInt64+Ext.swift */ = {isa = PBXFileReference; lastKnownFileType = sourcecode.swift; path = "UInt64+Ext.swift"; sourceTree = "<group>"; };
		7975E1B42C7A16B500DF151C /* HomeCoordinator.swift */ = {isa = PBXFileReference; lastKnownFileType = sourcecode.swift; path = HomeCoordinator.swift; sourceTree = "<group>"; };
		7975E1B62C7A16D800DF151C /* HomeView.swift */ = {isa = PBXFileReference; lastKnownFileType = sourcecode.swift; path = HomeView.swift; sourceTree = "<group>"; };
		7975E1B92C7A178700DF151C /* AppState.swift */ = {isa = PBXFileReference; lastKnownFileType = sourcecode.swift; path = AppState.swift; sourceTree = "<group>"; };
		7975E1BD2C7B6EE100DF151C /* AppHeaderView.swift */ = {isa = PBXFileReference; lastKnownFileType = sourcecode.swift; path = AppHeaderView.swift; sourceTree = "<group>"; };
		7975E1C02C7B739A00DF151C /* NavView.swift */ = {isa = PBXFileReference; lastKnownFileType = sourcecode.swift; path = NavView.swift; sourceTree = "<group>"; };
		7975E1C32C7CBDCA00DF151C /* TabbarView.swift */ = {isa = PBXFileReference; lastKnownFileType = sourcecode.swift; path = TabbarView.swift; sourceTree = "<group>"; };
		7993E8422C4FF10C00EA7785 /* generalcomponents.app */ = {isa = PBXFileReference; explicitFileType = wrapper.application; includeInIndex = 0; path = generalcomponents.app; sourceTree = BUILT_PRODUCTS_DIR; };
		7993E8452C4FF10C00EA7785 /* generalcomponentsApp.swift */ = {isa = PBXFileReference; lastKnownFileType = sourcecode.swift; path = generalcomponentsApp.swift; sourceTree = "<group>"; };
		7993E8472C4FF10C00EA7785 /* ContentView.swift */ = {isa = PBXFileReference; lastKnownFileType = sourcecode.swift; path = ContentView.swift; sourceTree = "<group>"; };
		7993E8492C4FF10C00EA7785 /* Assets.xcassets */ = {isa = PBXFileReference; lastKnownFileType = folder.assetcatalog; path = Assets.xcassets; sourceTree = "<group>"; };
		7993E84C2C4FF10C00EA7785 /* Preview Assets.xcassets */ = {isa = PBXFileReference; lastKnownFileType = folder.assetcatalog; path = "Preview Assets.xcassets"; sourceTree = "<group>"; };
		7993E8522C4FF10D00EA7785 /* generalcomponentsTests.xctest */ = {isa = PBXFileReference; explicitFileType = wrapper.cfbundle; includeInIndex = 0; path = generalcomponentsTests.xctest; sourceTree = BUILT_PRODUCTS_DIR; };
		7993E8562C4FF10D00EA7785 /* generalcomponentsTests.swift */ = {isa = PBXFileReference; lastKnownFileType = sourcecode.swift; path = generalcomponentsTests.swift; sourceTree = "<group>"; };
		7993E85C2C4FF10D00EA7785 /* generalcomponentsUITests.xctest */ = {isa = PBXFileReference; explicitFileType = wrapper.cfbundle; includeInIndex = 0; path = generalcomponentsUITests.xctest; sourceTree = BUILT_PRODUCTS_DIR; };
		7993E8602C4FF10D00EA7785 /* generalcomponentsUITests.swift */ = {isa = PBXFileReference; lastKnownFileType = sourcecode.swift; path = generalcomponentsUITests.swift; sourceTree = "<group>"; };
		7993E8622C4FF10D00EA7785 /* generalcomponentsUITestsLaunchTests.swift */ = {isa = PBXFileReference; lastKnownFileType = sourcecode.swift; path = generalcomponentsUITestsLaunchTests.swift; sourceTree = "<group>"; };
		79C9E9B52C74DC4D00258692 /* AppCoordinator.swift */ = {isa = PBXFileReference; lastKnownFileType = sourcecode.swift; path = AppCoordinator.swift; sourceTree = "<group>"; };
		79C9E9B72C74DC5600258692 /* AppView.swift */ = {isa = PBXFileReference; lastKnownFileType = sourcecode.swift; path = AppView.swift; sourceTree = "<group>"; };
		79C9E9B92C777D6B00258692 /* AppMessageView.swift */ = {isa = PBXFileReference; lastKnownFileType = sourcecode.swift; path = AppMessageView.swift; sourceTree = "<group>"; };
		79C9E9BB2C777DC400258692 /* AppLoadingView.swift */ = {isa = PBXFileReference; lastKnownFileType = sourcecode.swift; path = AppLoadingView.swift; sourceTree = "<group>"; };
		79C9E9C02C77813E00258692 /* SplashView.swift */ = {isa = PBXFileReference; lastKnownFileType = sourcecode.swift; path = SplashView.swift; sourceTree = "<group>"; };
		79C9E9C32C77815400258692 /* SplashCoordinator.swift */ = {isa = PBXFileReference; lastKnownFileType = sourcecode.swift; path = SplashCoordinator.swift; sourceTree = "<group>"; };
		79C9E9C62C7782FC00258692 /* Constants.swift */ = {isa = PBXFileReference; lastKnownFileType = sourcecode.swift; path = Constants.swift; sourceTree = "<group>"; };
/* End PBXFileReference section */

/* Begin PBXFrameworksBuildPhase section */
		7993E83F2C4FF10C00EA7785 /* Frameworks */ = {
			isa = PBXFrameworksBuildPhase;
			buildActionMask = 2147483647;
			files = (
			);
			runOnlyForDeploymentPostprocessing = 0;
		};
		7993E84F2C4FF10D00EA7785 /* Frameworks */ = {
			isa = PBXFrameworksBuildPhase;
			buildActionMask = 2147483647;
			files = (
			);
			runOnlyForDeploymentPostprocessing = 0;
		};
		7993E8592C4FF10D00EA7785 /* Frameworks */ = {
			isa = PBXFrameworksBuildPhase;
			buildActionMask = 2147483647;
			files = (
			);
			runOnlyForDeploymentPostprocessing = 0;
		};
/* End PBXFrameworksBuildPhase section */

/* Begin PBXGroup section */
		7975E1B02C7A0CBB00DF151C /* Extensions */ = {
			isa = PBXGroup;
			children = (
				7975E1B12C7A0CCA00DF151C /* UInt64+Ext.swift */,
			);
			path = Extensions;
			sourceTree = "<group>";
		};
		7975E1B32C7A16A300DF151C /* Home */ = {
			isa = PBXGroup;
			children = (
				7975E1B42C7A16B500DF151C /* HomeCoordinator.swift */,
				7975E1B62C7A16D800DF151C /* HomeView.swift */,
			);
			path = Home;
			sourceTree = "<group>";
		};
		7975E1B82C7A177800DF151C /* Models */ = {
			isa = PBXGroup;
			children = (
				7975E1B92C7A178700DF151C /* AppState.swift */,
			);
			path = Models;
			sourceTree = "<group>";
		};
		7975E1BB2C7B6EC200DF151C /* Views */ = {
			isa = PBXGroup;
			children = (
				7975E1C22C7CBDBB00DF151C /* TabbarView */,
				7975E1BF2C7B738900DF151C /* NavigationView */,
				7975E1BC2C7B6ED100DF151C /* AppHeader */,
			);
			path = Views;
			sourceTree = "<group>";
		};
		7975E1BC2C7B6ED100DF151C /* AppHeader */ = {
			isa = PBXGroup;
			children = (
				7975E1BD2C7B6EE100DF151C /* AppHeaderView.swift */,
			);
			path = AppHeader;
			sourceTree = "<group>";
		};
		7975E1BF2C7B738900DF151C /* NavigationView */ = {
			isa = PBXGroup;
			children = (
				7975E1C02C7B739A00DF151C /* NavView.swift */,
			);
			path = NavigationView;
			sourceTree = "<group>";
		};
		7975E1C22C7CBDBB00DF151C /* TabbarView */ = {
			isa = PBXGroup;
			children = (
				7975E1C32C7CBDCA00DF151C /* TabbarView.swift */,
			);
			path = TabbarView;
			sourceTree = "<group>";
		};
		7993E8392C4FF10C00EA7785 = {
			isa = PBXGroup;
			children = (
				7993E8442C4FF10C00EA7785 /* generalcomponents */,
				7993E8552C4FF10D00EA7785 /* generalcomponentsTests */,
				7993E85F2C4FF10D00EA7785 /* generalcomponentsUITests */,
				7993E8432C4FF10C00EA7785 /* Products */,
			);
			sourceTree = "<group>";
		};
		7993E8432C4FF10C00EA7785 /* Products */ = {
			isa = PBXGroup;
			children = (
				7993E8422C4FF10C00EA7785 /* generalcomponents.app */,
				7993E8522C4FF10D00EA7785 /* generalcomponentsTests.xctest */,
				7993E85C2C4FF10D00EA7785 /* generalcomponentsUITests.xctest */,
			);
			name = Products;
			sourceTree = "<group>";
		};
		7993E8442C4FF10C00EA7785 /* generalcomponents */ = {
			isa = PBXGroup;
			children = (
				79C9E9B32C74DBE100258692 /* Bases */,
				79C9E9B02C74DAC600258692 /* Features */,
				7993E8472C4FF10C00EA7785 /* ContentView.swift */,
				7993E8492C4FF10C00EA7785 /* Assets.xcassets */,
				7993E84B2C4FF10C00EA7785 /* Preview Content */,
			);
			path = generalcomponents;
			sourceTree = "<group>";
		};
		7993E84B2C4FF10C00EA7785 /* Preview Content */ = {
			isa = PBXGroup;
			children = (
				7993E84C2C4FF10C00EA7785 /* Preview Assets.xcassets */,
			);
			path = "Preview Content";
			sourceTree = "<group>";
		};
		7993E8552C4FF10D00EA7785 /* generalcomponentsTests */ = {
			isa = PBXGroup;
			children = (
				7993E8562C4FF10D00EA7785 /* generalcomponentsTests.swift */,
			);
			path = generalcomponentsTests;
			sourceTree = "<group>";
		};
		7993E85F2C4FF10D00EA7785 /* generalcomponentsUITests */ = {
			isa = PBXGroup;
			children = (
				7993E8602C4FF10D00EA7785 /* generalcomponentsUITests.swift */,
				7993E8622C4FF10D00EA7785 /* generalcomponentsUITestsLaunchTests.swift */,
			);
			path = generalcomponentsUITests;
			sourceTree = "<group>";
		};
		79C9E9B02C74DAC600258692 /* Features */ = {
			isa = PBXGroup;
			children = (
			);
			path = Features;
			sourceTree = "<group>";
		};
		79C9E9B22C74DB8000258692 /* App */ = {
			isa = PBXGroup;
			children = (
				7993E8452C4FF10C00EA7785 /* generalcomponentsApp.swift */,
				7975E1B82C7A177800DF151C /* Models */,
				79C9E9B42C74DC3E00258692 /* Views */,
			);
			path = App;
			sourceTree = "<group>";
		};
		79C9E9B32C74DBE100258692 /* Bases */ = {
			isa = PBXGroup;
			children = (
				7975E1BB2C7B6EC200DF151C /* Views */,
				7975E1B02C7A0CBB00DF151C /* Extensions */,
				79C9E9C52C77826500258692 /* Constants */,
				79C9E9BD2C77812400258692 /* Splash */,
				79C9E9B22C74DB8000258692 /* App */,
				7975E1B32C7A16A300DF151C /* Home */,
			);
			path = Bases;
			sourceTree = "<group>";
		};
		79C9E9B42C74DC3E00258692 /* Views */ = {
			isa = PBXGroup;
			children = (
				79C9E9B52C74DC4D00258692 /* AppCoordinator.swift */,
				79C9E9BB2C777DC400258692 /* AppLoadingView.swift */,
				79C9E9B92C777D6B00258692 /* AppMessageView.swift */,
				79C9E9B72C74DC5600258692 /* AppView.swift */,
			);
			path = Views;
			sourceTree = "<group>";
		};
		79C9E9BD2C77812400258692 /* Splash */ = {
			isa = PBXGroup;
			children = (
				79C9E9C02C77813E00258692 /* SplashView.swift */,
				79C9E9C32C77815400258692 /* SplashCoordinator.swift */,
			);
			path = Splash;
			sourceTree = "<group>";
		};
		79C9E9C52C77826500258692 /* Constants */ = {
			isa = PBXGroup;
			children = (
				79C9E9C62C7782FC00258692 /* Constants.swift */,
			);
			path = Constants;
			sourceTree = "<group>";
		};
/* End PBXGroup section */

/* Begin PBXNativeTarget section */
		7993E8412C4FF10C00EA7785 /* generalcomponents */ = {
			isa = PBXNativeTarget;
			buildConfigurationList = 7993E8662C4FF10D00EA7785 /* Build configuration list for PBXNativeTarget "generalcomponents" */;
			buildPhases = (
				7993E83E2C4FF10C00EA7785 /* Sources */,
				7993E83F2C4FF10C00EA7785 /* Frameworks */,
				7993E8402C4FF10C00EA7785 /* Resources */,
			);
			buildRules = (
			);
			dependencies = (
			);
			name = generalcomponents;
			productName = generalcomponents;
			productReference = 7993E8422C4FF10C00EA7785 /* generalcomponents.app */;
			productType = "com.apple.product-type.application";
		};
		7993E8512C4FF10D00EA7785 /* generalcomponentsTests */ = {
			isa = PBXNativeTarget;
			buildConfigurationList = 7993E8692C4FF10D00EA7785 /* Build configuration list for PBXNativeTarget "generalcomponentsTests" */;
			buildPhases = (
				7993E84E2C4FF10D00EA7785 /* Sources */,
				7993E84F2C4FF10D00EA7785 /* Frameworks */,
				7993E8502C4FF10D00EA7785 /* Resources */,
			);
			buildRules = (
			);
			dependencies = (
				7993E8542C4FF10D00EA7785 /* PBXTargetDependency */,
			);
			name = generalcomponentsTests;
			productName = generalcomponentsTests;
			productReference = 7993E8522C4FF10D00EA7785 /* generalcomponentsTests.xctest */;
			productType = "com.apple.product-type.bundle.unit-test";
		};
		7993E85B2C4FF10D00EA7785 /* generalcomponentsUITests */ = {
			isa = PBXNativeTarget;
			buildConfigurationList = 7993E86C2C4FF10D00EA7785 /* Build configuration list for PBXNativeTarget "generalcomponentsUITests" */;
			buildPhases = (
				7993E8582C4FF10D00EA7785 /* Sources */,
				7993E8592C4FF10D00EA7785 /* Frameworks */,
				7993E85A2C4FF10D00EA7785 /* Resources */,
			);
			buildRules = (
			);
			dependencies = (
				7993E85E2C4FF10D00EA7785 /* PBXTargetDependency */,
			);
			name = generalcomponentsUITests;
			productName = generalcomponentsUITests;
			productReference = 7993E85C2C4FF10D00EA7785 /* generalcomponentsUITests.xctest */;
			productType = "com.apple.product-type.bundle.ui-testing";
		};
/* End PBXNativeTarget section */

/* Begin PBXProject section */
		7993E83A2C4FF10C00EA7785 /* Project object */ = {
			isa = PBXProject;
			attributes = {
				BuildIndependentTargetsInParallel = 1;
				LastSwiftUpdateCheck = 1540;
				LastUpgradeCheck = 1540;
				TargetAttributes = {
					7993E8412C4FF10C00EA7785 = {
						CreatedOnToolsVersion = 15.4;
					};
					7993E8512C4FF10D00EA7785 = {
						CreatedOnToolsVersion = 15.4;
						TestTargetID = 7993E8412C4FF10C00EA7785;
					};
					7993E85B2C4FF10D00EA7785 = {
						CreatedOnToolsVersion = 15.4;
						TestTargetID = 7993E8412C4FF10C00EA7785;
					};
				};
			};
			buildConfigurationList = 7993E83D2C4FF10C00EA7785 /* Build configuration list for PBXProject "generalcomponents" */;
			compatibilityVersion = "Xcode 14.0";
			developmentRegion = en;
			hasScannedForEncodings = 0;
			knownRegions = (
				en,
				Base,
			);
			mainGroup = 7993E8392C4FF10C00EA7785;
			productRefGroup = 7993E8432C4FF10C00EA7785 /* Products */;
			projectDirPath = "";
			projectRoot = "";
			targets = (
				7993E8412C4FF10C00EA7785 /* generalcomponents */,
				7993E8512C4FF10D00EA7785 /* generalcomponentsTests */,
				7993E85B2C4FF10D00EA7785 /* generalcomponentsUITests */,
			);
		};
/* End PBXProject section */

/* Begin PBXResourcesBuildPhase section */
		7993E8402C4FF10C00EA7785 /* Resources */ = {
			isa = PBXResourcesBuildPhase;
			buildActionMask = 2147483647;
			files = (
				7993E84D2C4FF10C00EA7785 /* Preview Assets.xcassets in Resources */,
				7993E84A2C4FF10C00EA7785 /* Assets.xcassets in Resources */,
			);
			runOnlyForDeploymentPostprocessing = 0;
		};
		7993E8502C4FF10D00EA7785 /* Resources */ = {
			isa = PBXResourcesBuildPhase;
			buildActionMask = 2147483647;
			files = (
			);
			runOnlyForDeploymentPostprocessing = 0;
		};
		7993E85A2C4FF10D00EA7785 /* Resources */ = {
			isa = PBXResourcesBuildPhase;
			buildActionMask = 2147483647;
			files = (
			);
			runOnlyForDeploymentPostprocessing = 0;
		};
/* End PBXResourcesBuildPhase section */

/* Begin PBXSourcesBuildPhase section */
		7993E83E2C4FF10C00EA7785 /* Sources */ = {
			isa = PBXSourcesBuildPhase;
			buildActionMask = 2147483647;
			files = (
				79C9E9BA2C777D6B00258692 /* AppMessageView.swift in Sources */,
				79C9E9C42C77815400258692 /* SplashCoordinator.swift in Sources */,
				7975E1C42C7CBDCA00DF151C /* TabbarView.swift in Sources */,
				79C9E9BC2C777DC400258692 /* AppLoadingView.swift in Sources */,
				79C9E9B82C74DC5600258692 /* AppView.swift in Sources */,
				79C9E9B62C74DC4D00258692 /* AppCoordinator.swift in Sources */,
				7975E1BE2C7B6EE100DF151C /* AppHeaderView.swift in Sources */,
				7993E8482C4FF10C00EA7785 /* ContentView.swift in Sources */,
				7975E1C12C7B739A00DF151C /* NavView.swift in Sources */,
				7993E8462C4FF10C00EA7785 /* generalcomponentsApp.swift in Sources */,
				79C9E9C12C77813E00258692 /* SplashView.swift in Sources */,
				79C9E9C72C7782FC00258692 /* Constants.swift in Sources */,
				7975E1B72C7A16D800DF151C /* HomeView.swift in Sources */,
				7975E1BA2C7A178700DF151C /* AppState.swift in Sources */,
				7975E1B22C7A0CCA00DF151C /* UInt64+Ext.swift in Sources */,
				7975E1B52C7A16B500DF151C /* HomeCoordinator.swift in Sources */,
			);
			runOnlyForDeploymentPostprocessing = 0;
		};
		7993E84E2C4FF10D00EA7785 /* Sources */ = {
			isa = PBXSourcesBuildPhase;
			buildActionMask = 2147483647;
			files = (
				7993E8572C4FF10D00EA7785 /* generalcomponentsTests.swift in Sources */,
			);
			runOnlyForDeploymentPostprocessing = 0;
		};
		7993E8582C4FF10D00EA7785 /* Sources */ = {
			isa = PBXSourcesBuildPhase;
			buildActionMask = 2147483647;
			files = (
				7993E8612C4FF10D00EA7785 /* generalcomponentsUITests.swift in Sources */,
				7993E8632C4FF10D00EA7785 /* generalcomponentsUITestsLaunchTests.swift in Sources */,
			);
			runOnlyForDeploymentPostprocessing = 0;
		};
/* End PBXSourcesBuildPhase section */

/* Begin PBXTargetDependency section */
		7993E8542C4FF10D00EA7785 /* PBXTargetDependency */ = {
			isa = PBXTargetDependency;
			target = 7993E8412C4FF10C00EA7785 /* generalcomponents */;
			targetProxy = 7993E8532C4FF10D00EA7785 /* PBXContainerItemProxy */;
		};
		7993E85E2C4FF10D00EA7785 /* PBXTargetDependency */ = {
			isa = PBXTargetDependency;
			target = 7993E8412C4FF10C00EA7785 /* generalcomponents */;
			targetProxy = 7993E85D2C4FF10D00EA7785 /* PBXContainerItemProxy */;
		};
/* End PBXTargetDependency section */

/* Begin XCBuildConfiguration section */
		7993E8642C4FF10D00EA7785 /* Debug */ = {
			isa = XCBuildConfiguration;
			buildSettings = {
				ALWAYS_SEARCH_USER_PATHS = NO;
				ASSETCATALOG_COMPILER_GENERATE_SWIFT_ASSET_SYMBOL_EXTENSIONS = YES;
				CLANG_ANALYZER_NONNULL = YES;
				CLANG_ANALYZER_NUMBER_OBJECT_CONVERSION = YES_AGGRESSIVE;
				CLANG_CXX_LANGUAGE_STANDARD = "gnu++20";
				CLANG_ENABLE_MODULES = YES;
				CLANG_ENABLE_OBJC_ARC = YES;
				CLANG_ENABLE_OBJC_WEAK = YES;
				CLANG_WARN_BLOCK_CAPTURE_AUTORELEASING = YES;
				CLANG_WARN_BOOL_CONVERSION = YES;
				CLANG_WARN_COMMA = YES;
				CLANG_WARN_CONSTANT_CONVERSION = YES;
				CLANG_WARN_DEPRECATED_OBJC_IMPLEMENTATIONS = YES;
				CLANG_WARN_DIRECT_OBJC_ISA_USAGE = YES_ERROR;
				CLANG_WARN_DOCUMENTATION_COMMENTS = YES;
				CLANG_WARN_EMPTY_BODY = YES;
				CLANG_WARN_ENUM_CONVERSION = YES;
				CLANG_WARN_INFINITE_RECURSION = YES;
				CLANG_WARN_INT_CONVERSION = YES;
				CLANG_WARN_NON_LITERAL_NULL_CONVERSION = YES;
				CLANG_WARN_OBJC_IMPLICIT_RETAIN_SELF = YES;
				CLANG_WARN_OBJC_LITERAL_CONVERSION = YES;
				CLANG_WARN_OBJC_ROOT_CLASS = YES_ERROR;
				CLANG_WARN_QUOTED_INCLUDE_IN_FRAMEWORK_HEADER = YES;
				CLANG_WARN_RANGE_LOOP_ANALYSIS = YES;
				CLANG_WARN_STRICT_PROTOTYPES = YES;
				CLANG_WARN_SUSPICIOUS_MOVE = YES;
				CLANG_WARN_UNGUARDED_AVAILABILITY = YES_AGGRESSIVE;
				CLANG_WARN_UNREACHABLE_CODE = YES;
				CLANG_WARN__DUPLICATE_METHOD_MATCH = YES;
				COPY_PHASE_STRIP = NO;
				DEBUG_INFORMATION_FORMAT = dwarf;
				ENABLE_STRICT_OBJC_MSGSEND = YES;
				ENABLE_TESTABILITY = YES;
				ENABLE_USER_SCRIPT_SANDBOXING = YES;
				GCC_C_LANGUAGE_STANDARD = gnu17;
				GCC_DYNAMIC_NO_PIC = NO;
				GCC_NO_COMMON_BLOCKS = YES;
				GCC_OPTIMIZATION_LEVEL = 0;
				GCC_PREPROCESSOR_DEFINITIONS = (
					"DEBUG=1",
					"$(inherited)",
				);
				GCC_WARN_64_TO_32_BIT_CONVERSION = YES;
				GCC_WARN_ABOUT_RETURN_TYPE = YES_ERROR;
				GCC_WARN_UNDECLARED_SELECTOR = YES;
				GCC_WARN_UNINITIALIZED_AUTOS = YES_AGGRESSIVE;
				GCC_WARN_UNUSED_FUNCTION = YES;
				GCC_WARN_UNUSED_VARIABLE = YES;
				IPHONEOS_DEPLOYMENT_TARGET = 17.5;
				LOCALIZATION_PREFERS_STRING_CATALOGS = YES;
				MTL_ENABLE_DEBUG_INFO = INCLUDE_SOURCE;
				MTL_FAST_MATH = YES;
				ONLY_ACTIVE_ARCH = YES;
				SDKROOT = iphoneos;
				SWIFT_ACTIVE_COMPILATION_CONDITIONS = "DEBUG $(inherited)";
				SWIFT_OPTIMIZATION_LEVEL = "-Onone";
			};
			name = Debug;
		};
		7993E8652C4FF10D00EA7785 /* Release */ = {
			isa = XCBuildConfiguration;
			buildSettings = {
				ALWAYS_SEARCH_USER_PATHS = NO;
				ASSETCATALOG_COMPILER_GENERATE_SWIFT_ASSET_SYMBOL_EXTENSIONS = YES;
				CLANG_ANALYZER_NONNULL = YES;
				CLANG_ANALYZER_NUMBER_OBJECT_CONVERSION = YES_AGGRESSIVE;
				CLANG_CXX_LANGUAGE_STANDARD = "gnu++20";
				CLANG_ENABLE_MODULES = YES;
				CLANG_ENABLE_OBJC_ARC = YES;
				CLANG_ENABLE_OBJC_WEAK = YES;
				CLANG_WARN_BLOCK_CAPTURE_AUTORELEASING = YES;
				CLANG_WARN_BOOL_CONVERSION = YES;
				CLANG_WARN_COMMA = YES;
				CLANG_WARN_CONSTANT_CONVERSION = YES;
				CLANG_WARN_DEPRECATED_OBJC_IMPLEMENTATIONS = YES;
				CLANG_WARN_DIRECT_OBJC_ISA_USAGE = YES_ERROR;
				CLANG_WARN_DOCUMENTATION_COMMENTS = YES;
				CLANG_WARN_EMPTY_BODY = YES;
				CLANG_WARN_ENUM_CONVERSION = YES;
				CLANG_WARN_INFINITE_RECURSION = YES;
				CLANG_WARN_INT_CONVERSION = YES;
				CLANG_WARN_NON_LITERAL_NULL_CONVERSION = YES;
				CLANG_WARN_OBJC_IMPLICIT_RETAIN_SELF = YES;
				CLANG_WARN_OBJC_LITERAL_CONVERSION = YES;
				CLANG_WARN_OBJC_ROOT_CLASS = YES_ERROR;
				CLANG_WARN_QUOTED_INCLUDE_IN_FRAMEWORK_HEADER = YES;
				CLANG_WARN_RANGE_LOOP_ANALYSIS = YES;
				CLANG_WARN_STRICT_PROTOTYPES = YES;
				CLANG_WARN_SUSPICIOUS_MOVE = YES;
				CLANG_WARN_UNGUARDED_AVAILABILITY = YES_AGGRESSIVE;
				CLANG_WARN_UNREACHABLE_CODE = YES;
				CLANG_WARN__DUPLICATE_METHOD_MATCH = YES;
				COPY_PHASE_STRIP = NO;
				DEBUG_INFORMATION_FORMAT = "dwarf-with-dsym";
				ENABLE_NS_ASSERTIONS = NO;
				ENABLE_STRICT_OBJC_MSGSEND = YES;
				ENABLE_USER_SCRIPT_SANDBOXING = YES;
				GCC_C_LANGUAGE_STANDARD = gnu17;
				GCC_NO_COMMON_BLOCKS = YES;
				GCC_WARN_64_TO_32_BIT_CONVERSION = YES;
				GCC_WARN_ABOUT_RETURN_TYPE = YES_ERROR;
				GCC_WARN_UNDECLARED_SELECTOR = YES;
				GCC_WARN_UNINITIALIZED_AUTOS = YES_AGGRESSIVE;
				GCC_WARN_UNUSED_FUNCTION = YES;
				GCC_WARN_UNUSED_VARIABLE = YES;
				IPHONEOS_DEPLOYMENT_TARGET = 17.5;
				LOCALIZATION_PREFERS_STRING_CATALOGS = YES;
				MTL_ENABLE_DEBUG_INFO = NO;
				MTL_FAST_MATH = YES;
				SDKROOT = iphoneos;
				SWIFT_COMPILATION_MODE = wholemodule;
				VALIDATE_PRODUCT = YES;
			};
			name = Release;
		};
		7993E8672C4FF10D00EA7785 /* Debug */ = {
			isa = XCBuildConfiguration;
			buildSettings = {
				ASSETCATALOG_COMPILER_APPICON_NAME = AppIcon;
				ASSETCATALOG_COMPILER_GLOBAL_ACCENT_COLOR_NAME = AccentColor;
				CODE_SIGN_STYLE = Automatic;
				CURRENT_PROJECT_VERSION = 1;
				DEVELOPMENT_ASSET_PATHS = "\"generalcomponents/Preview Content\"";
				DEVELOPMENT_TEAM = ZZ74YFS2K5;
				ENABLE_PREVIEWS = YES;
				GENERATE_INFOPLIST_FILE = YES;
				INFOPLIST_KEY_UIApplicationSceneManifest_Generation = YES;
				INFOPLIST_KEY_UIApplicationSupportsIndirectInputEvents = YES;
				INFOPLIST_KEY_UILaunchScreen_Generation = YES;
				INFOPLIST_KEY_UISupportedInterfaceOrientations_iPad = "UIInterfaceOrientationPortrait UIInterfaceOrientationPortraitUpsideDown UIInterfaceOrientationLandscapeLeft UIInterfaceOrientationLandscapeRight";
				INFOPLIST_KEY_UISupportedInterfaceOrientations_iPhone = "UIInterfaceOrientationPortrait UIInterfaceOrientationLandscapeLeft UIInterfaceOrientationLandscapeRight";
				IPHONEOS_DEPLOYMENT_TARGET = 17.0;
				LD_RUNPATH_SEARCH_PATHS = (
					"$(inherited)",
					"@executable_path/Frameworks",
				);
				MARKETING_VERSION = 1.0;
				PRODUCT_BUNDLE_IDENTIFIER = com.truongluan.generalcomponents;
				PRODUCT_NAME = "$(TARGET_NAME)";
				SWIFT_EMIT_LOC_STRINGS = YES;
				SWIFT_VERSION = 5.0;
				TARGETED_DEVICE_FAMILY = "1,2";
			};
			name = Debug;
		};
		7993E8682C4FF10D00EA7785 /* Release */ = {
			isa = XCBuildConfiguration;
			buildSettings = {
				ASSETCATALOG_COMPILER_APPICON_NAME = AppIcon;
				ASSETCATALOG_COMPILER_GLOBAL_ACCENT_COLOR_NAME = AccentColor;
				CODE_SIGN_STYLE = Automatic;
				CURRENT_PROJECT_VERSION = 1;
				DEVELOPMENT_ASSET_PATHS = "\"generalcomponents/Preview Content\"";
				DEVELOPMENT_TEAM = ZZ74YFS2K5;
				ENABLE_PREVIEWS = YES;
				GENERATE_INFOPLIST_FILE = YES;
				INFOPLIST_KEY_UIApplicationSceneManifest_Generation = YES;
				INFOPLIST_KEY_UIApplicationSupportsIndirectInputEvents = YES;
				INFOPLIST_KEY_UILaunchScreen_Generation = YES;
				INFOPLIST_KEY_UISupportedInterfaceOrientations_iPad = "UIInterfaceOrientationPortrait UIInterfaceOrientationPortraitUpsideDown UIInterfaceOrientationLandscapeLeft UIInterfaceOrientationLandscapeRight";
				INFOPLIST_KEY_UISupportedInterfaceOrientations_iPhone = "UIInterfaceOrientationPortrait UIInterfaceOrientationLandscapeLeft UIInterfaceOrientationLandscapeRight";
				IPHONEOS_DEPLOYMENT_TARGET = 17.0;
				LD_RUNPATH_SEARCH_PATHS = (
					"$(inherited)",
					"@executable_path/Frameworks",
				);
				MARKETING_VERSION = 1.0;
				PRODUCT_BUNDLE_IDENTIFIER = com.truongluan.generalcomponents;
				PRODUCT_NAME = "$(TARGET_NAME)";
				SWIFT_EMIT_LOC_STRINGS = YES;
				SWIFT_VERSION = 5.0;
				TARGETED_DEVICE_FAMILY = "1,2";
			};
			name = Release;
		};
		7993E86A2C4FF10D00EA7785 /* Debug */ = {
			isa = XCBuildConfiguration;
			buildSettings = {
				ALWAYS_EMBED_SWIFT_STANDARD_LIBRARIES = YES;
				BUNDLE_LOADER = "$(TEST_HOST)";
				CODE_SIGN_STYLE = Automatic;
				CURRENT_PROJECT_VERSION = 1;
				DEVELOPMENT_TEAM = ZZ74YFS2K5;
				GENERATE_INFOPLIST_FILE = YES;
				IPHONEOS_DEPLOYMENT_TARGET = 17.5;
				MARKETING_VERSION = 1.0;
				PRODUCT_BUNDLE_IDENTIFIER = com.truongluan.generalcomponentsTests;
				PRODUCT_NAME = "$(TARGET_NAME)";
				SWIFT_EMIT_LOC_STRINGS = NO;
				SWIFT_VERSION = 5.0;
				TARGETED_DEVICE_FAMILY = "1,2";
				TEST_HOST = "$(BUILT_PRODUCTS_DIR)/generalcomponents.app/$(BUNDLE_EXECUTABLE_FOLDER_PATH)/generalcomponents";
			};
			name = Debug;
		};
		7993E86B2C4FF10D00EA7785 /* Release */ = {
			isa = XCBuildConfiguration;
			buildSettings = {
				ALWAYS_EMBED_SWIFT_STANDARD_LIBRARIES = YES;
				BUNDLE_LOADER = "$(TEST_HOST)";
				CODE_SIGN_STYLE = Automatic;
				CURRENT_PROJECT_VERSION = 1;
				DEVELOPMENT_TEAM = ZZ74YFS2K5;
				GENERATE_INFOPLIST_FILE = YES;
				IPHONEOS_DEPLOYMENT_TARGET = 17.5;
				MARKETING_VERSION = 1.0;
				PRODUCT_BUNDLE_IDENTIFIER = com.truongluan.generalcomponentsTests;
				PRODUCT_NAME = "$(TARGET_NAME)";
				SWIFT_EMIT_LOC_STRINGS = NO;
				SWIFT_VERSION = 5.0;
				TARGETED_DEVICE_FAMILY = "1,2";
				TEST_HOST = "$(BUILT_PRODUCTS_DIR)/generalcomponents.app/$(BUNDLE_EXECUTABLE_FOLDER_PATH)/generalcomponents";
			};
			name = Release;
		};
		7993E86D2C4FF10D00EA7785 /* Debug */ = {
			isa = XCBuildConfiguration;
			buildSettings = {
				ALWAYS_EMBED_SWIFT_STANDARD_LIBRARIES = YES;
				CODE_SIGN_STYLE = Automatic;
				CURRENT_PROJECT_VERSION = 1;
				DEVELOPMENT_TEAM = ZZ74YFS2K5;
				GENERATE_INFOPLIST_FILE = YES;
				MARKETING_VERSION = 1.0;
				PRODUCT_BUNDLE_IDENTIFIER = com.truongluan.generalcomponentsUITests;
				PRODUCT_NAME = "$(TARGET_NAME)";
				SWIFT_EMIT_LOC_STRINGS = NO;
				SWIFT_VERSION = 5.0;
				TARGETED_DEVICE_FAMILY = "1,2";
				TEST_TARGET_NAME = generalcomponents;
			};
			name = Debug;
		};
		7993E86E2C4FF10D00EA7785 /* Release */ = {
			isa = XCBuildConfiguration;
			buildSettings = {
				ALWAYS_EMBED_SWIFT_STANDARD_LIBRARIES = YES;
				CODE_SIGN_STYLE = Automatic;
				CURRENT_PROJECT_VERSION = 1;
				DEVELOPMENT_TEAM = ZZ74YFS2K5;
				GENERATE_INFOPLIST_FILE = YES;
				MARKETING_VERSION = 1.0;
				PRODUCT_BUNDLE_IDENTIFIER = com.truongluan.generalcomponentsUITests;
				PRODUCT_NAME = "$(TARGET_NAME)";
				SWIFT_EMIT_LOC_STRINGS = NO;
				SWIFT_VERSION = 5.0;
				TARGETED_DEVICE_FAMILY = "1,2";
				TEST_TARGET_NAME = generalcomponents;
			};
			name = Release;
		};
/* End XCBuildConfiguration section */

/* Begin XCConfigurationList section */
		7993E83D2C4FF10C00EA7785 /* Build configuration list for PBXProject "generalcomponents" */ = {
			isa = XCConfigurationList;
			buildConfigurations = (
				7993E8642C4FF10D00EA7785 /* Debug */,
				7993E8652C4FF10D00EA7785 /* Release */,
			);
			defaultConfigurationIsVisible = 0;
			defaultConfigurationName = Release;
		};
		7993E8662C4FF10D00EA7785 /* Build configuration list for PBXNativeTarget "generalcomponents" */ = {
			isa = XCConfigurationList;
			buildConfigurations = (
				7993E8672C4FF10D00EA7785 /* Debug */,
				7993E8682C4FF10D00EA7785 /* Release */,
			);
			defaultConfigurationIsVisible = 0;
			defaultConfigurationName = Release;
		};
		7993E8692C4FF10D00EA7785 /* Build configuration list for PBXNativeTarget "generalcomponentsTests" */ = {
			isa = XCConfigurationList;
			buildConfigurations = (
				7993E86A2C4FF10D00EA7785 /* Debug */,
				7993E86B2C4FF10D00EA7785 /* Release */,
			);
			defaultConfigurationIsVisible = 0;
			defaultConfigurationName = Release;
		};
		7993E86C2C4FF10D00EA7785 /* Build configuration list for PBXNativeTarget "generalcomponentsUITests" */ = {
			isa = XCConfigurationList;
			buildConfigurations = (
				7993E86D2C4FF10D00EA7785 /* Debug */,
				7993E86E2C4FF10D00EA7785 /* Release */,
			);
			defaultConfigurationIsVisible = 0;
			defaultConfigurationName = Release;
		};
/* End XCConfigurationList section */
	};
	rootObject = 7993E83A2C4FF10C00EA7785 /* Project object */;
}
